// !$*UTF8*$!
{
	archiveVersion = 1;
	classes = {
	};
	objectVersion = 48;
	objects = {

/* Begin PBXBuildFile section */
		4C6E2AAF20665038009CBB18 /* main.m in Sources */ = {isa = PBXBuildFile; fileRef = 4C6E2AAE20665038009CBB18 /* main.m */; };
		4C6E2AB72066508F009CBB18 /* Lion.m in Sources */ = {isa = PBXBuildFile; fileRef = 4C6E2AB62066508F009CBB18 /* Lion.m */; };
		4C6E2ABA206650CE009CBB18 /* Eagle.m in Sources */ = {isa = PBXBuildFile; fileRef = 4C6E2AB9206650CE009CBB18 /* Eagle.m */; };
		4C6E2ABD206650F0009CBB18 /* Crocodile.m in Sources */ = {isa = PBXBuildFile; fileRef = 4C6E2ABC206650F0009CBB18 /* Crocodile.m */; };
		4C6E2AC12066657A009CBB18 /* NSObject+Colors.m in Sources */ = {isa = PBXBuildFile; fileRef = 4C6E2AC02066657A009CBB18 /* NSObject+Colors.m */; };
/* End PBXBuildFile section */

/* Begin PBXCopyFilesBuildPhase section */
		4C6E2AA920665038009CBB18 /* CopyFiles */ = {
			isa = PBXCopyFilesBuildPhase;
			buildActionMask = 2147483647;
			dstPath = /usr/share/man/man1/;
			dstSubfolderSpec = 0;
			files = (
			);
			runOnlyForDeploymentPostprocessing = 1;
		};
/* End PBXCopyFilesBuildPhase section */

/* Begin PBXFileReference section */
		4C6E2AAB20665038009CBB18 /* Protocol */ = {isa = PBXFileReference; explicitFileType = "compiled.mach-o.executable"; includeInIndex = 0; path = Protocol; sourceTree = BUILT_PRODUCTS_DIR; };
		4C6E2AAE20665038009CBB18 /* main.m */ = {isa = PBXFileReference; lastKnownFileType = sourcecode.c.objc; path = main.m; sourceTree = "<group>"; };
		4C6E2AB52066508F009CBB18 /* Lion.h */ = {isa = PBXFileReference; lastKnownFileType = sourcecode.c.h; path = Lion.h; sourceTree = "<group>"; };
		4C6E2AB62066508F009CBB18 /* Lion.m */ = {isa = PBXFileReference; lastKnownFileType = sourcecode.c.objc; path = Lion.m; sourceTree = "<group>"; };
		4C6E2AB8206650CE009CBB18 /* Eagle.h */ = {isa = PBXFileReference; lastKnownFileType = sourcecode.c.h; path = Eagle.h; sourceTree = "<group>"; };
		4C6E2AB9206650CE009CBB18 /* Eagle.m */ = {isa = PBXFileReference; lastKnownFileType = sourcecode.c.objc; path = Eagle.m; sourceTree = "<group>"; };
		4C6E2ABB206650F0009CBB18 /* Crocodile.h */ = {isa = PBXFileReference; lastKnownFileType = sourcecode.c.h; path = Crocodile.h; sourceTree = "<group>"; };
		4C6E2ABC206650F0009CBB18 /* Crocodile.m */ = {isa = PBXFileReference; lastKnownFileType = sourcecode.c.objc; path = Crocodile.m; sourceTree = "<group>"; };
		4C6E2ABE20665129009CBB18 /* Features.h */ = {isa = PBXFileReference; lastKnownFileType = sourcecode.c.h; path = Features.h; sourceTree = "<group>"; };
		4C6E2ABF2066657A009CBB18 /* NSObject+Colors.h */ = {isa = PBXFileReference; lastKnownFileType = sourcecode.c.h; path = "NSObject+Colors.h"; sourceTree = "<group>"; };
		4C6E2AC02066657A009CBB18 /* NSObject+Colors.m */ = {isa = PBXFileReference; lastKnownFileType = sourcecode.c.objc; path = "NSObject+Colors.m"; sourceTree = "<group>"; };
/* End PBXFileReference section */

/* Begin PBXFrameworksBuildPhase section */
		4C6E2AA820665038009CBB18 /* Frameworks */ = {
			isa = PBXFrameworksBuildPhase;
			buildActionMask = 2147483647;
			files = (
			);
			runOnlyForDeploymentPostprocessing = 0;
		};
/* End PBXFrameworksBuildPhase section */

/* Begin PBXGroup section */
		4C6E2AA220665038009CBB18 = {
			isa = PBXGroup;
			children = (
				4C6E2AAD20665038009CBB18 /* Protocol */,
				4C6E2AAC20665038009CBB18 /* Products */,
			);
			sourceTree = "<group>";
		};
		4C6E2AAC20665038009CBB18 /* Products */ = {
			isa = PBXGroup;
			children = (
				4C6E2AAB20665038009CBB18 /* Protocol */,
			);
			name = Products;
			sourceTree = "<group>";
		};
		4C6E2AAD20665038009CBB18 /* Protocol */ = {
			isa = PBXGroup;
			children = (
				4C6E2AAE20665038009CBB18 /* main.m */,
				4C6E2AB52066508F009CBB18 /* Lion.h */,
				4C6E2AB62066508F009CBB18 /* Lion.m */,
				4C6E2AB8206650CE009CBB18 /* Eagle.h */,
				4C6E2AB9206650CE009CBB18 /* Eagle.m */,
				4C6E2ABB206650F0009CBB18 /* Crocodile.h */,
				4C6E2ABC206650F0009CBB18 /* Crocodile.m */,
				4C6E2ABE20665129009CBB18 /* Features.h */,
				4C6E2ABF2066657A009CBB18 /* NSObject+Colors.h */,
				4C6E2AC02066657A009CBB18 /* NSObject+Colors.m */,
			);
			path = Protocol;
			sourceTree = "<group>";
		};
/* End PBXGroup section */

/* Begin PBXNativeTarget section */
		4C6E2AAA20665038009CBB18 /* Protocol */ = {
			isa = PBXNativeTarget;
			buildConfigurationList = 4C6E2AB220665038009CBB18 /* Build configuration list for PBXNativeTarget "Protocol" */;
			buildPhases = (
				4C6E2AA720665038009CBB18 /* Sources */,
				4C6E2AA820665038009CBB18 /* Frameworks */,
				4C6E2AA920665038009CBB18 /* CopyFiles */,
			);
			buildRules = (
			);
			dependencies = (
			);
			name = Protocol;
			productName = Protocol;
			productReference = 4C6E2AAB20665038009CBB18 /* Protocol */;
			productType = "com.apple.product-type.tool";
		};
/* End PBXNativeTarget section */

/* Begin PBXProject section */
		4C6E2AA320665038009CBB18 /* Project object */ = {
			isa = PBXProject;
			attributes = {
				LastUpgradeCheck = 0920;
				ORGANIZATIONNAME = Karishma;
				TargetAttributes = {
					4C6E2AAA20665038009CBB18 = {
						CreatedOnToolsVersion = 9.2;
						ProvisioningStyle = Automatic;
					};
				};
			};
			buildConfigurationList = 4C6E2AA620665038009CBB18 /* Build configuration list for PBXProject "Protocol" */;
			compatibilityVersion = "Xcode 8.0";
			developmentRegion = en;
			hasScannedForEncodings = 0;
			knownRegions = (
				en,
			);
			mainGroup = 4C6E2AA220665038009CBB18;
			productRefGroup = 4C6E2AAC20665038009CBB18 /* Products */;
			projectDirPath = "";
			projectRoot = "";
			targets = (
				4C6E2AAA20665038009CBB18 /* Protocol */,
			);
		};
/* End PBXProject section */

/* Begin PBXSourcesBuildPhase section */
		4C6E2AA720665038009CBB18 /* Sources */ = {
			isa = PBXSourcesBuildPhase;
			buildActionMask = 2147483647;
			files = (
				4C6E2ABA206650CE009CBB18 /* Eagle.m in Sources */,
				4C6E2AAF20665038009CBB18 /* main.m in Sources */,
				4C6E2AC12066657A009CBB18 /* NSObject+Colors.m in Sources */,
				4C6E2ABD206650F0009CBB18 /* Crocodile.m in Sources */,
				4C6E2AB72066508F009CBB18 /* Lion.m in Sources */,
			);
			runOnlyForDeploymentPostprocessing = 0;
		};
/* End PBXSourcesBuildPhase section */

/* Begin XCBuildConfiguration section */
		4C6E2AB020665038009CBB18 /* Debug */ = {
			isa = XCBuildConfiguration;
			buildSettings = {
				ALWAYS_SEARCH_USER_PATHS = NO;
				CLANG_ANALYZER_NONNULL = YES;
				CLANG_ANALYZER_NUMBER_OBJECT_CONVERSION = YES_AGGRESSIVE;
				CLANG_CXX_LANGUAGE_STANDARD = "gnu++14";
				CLANG_CXX_LIBRARY = "libc++";
				CLANG_ENABLE_MODULES = YES;
				CLANG_ENABLE_OBJC_ARC = YES;
				CLANG_WARN_BLOCK_CAPTURE_AUTORELEASING = YES;
				CLANG_WARN_BOOL_CONVERSION = YES;
				CLANG_WARN_COMMA = YES;
				CLANG_WARN_CONSTANT_CONVERSION = YES;
				CLANG_WARN_DIRECT_OBJC_ISA_USAGE = YES_ERROR;
				CLANG_WARN_DOCUMENTATION_COMMENTS = YES;
				CLANG_WARN_EMPTY_BODY = YES;
				CLANG_WARN_ENUM_CONVERSION = YES;
				CLANG_WARN_INFINITE_RECURSION = YES;
				CLANG_WARN_INT_CONVERSION = YES;
				CLANG_WARN_NON_LITERAL_NULL_CONVERSION = YES;
				CLANG_WARN_OBJC_LITERAL_CONVERSION = YES;
				CLANG_WARN_OBJC_ROOT_CLASS = YES_ERROR;
				CLANG_WARN_RANGE_LOOP_ANALYSIS = YES;
				CLANG_WARN_STRICT_PROTOTYPES = YES;
				CLANG_WARN_SUSPICIOUS_MOVE = YES;
				CLANG_WARN_UNGUARDED_AVAILABILITY = YES_AGGRESSIVE;
				CLANG_WARN_UNREACHABLE_CODE = YES;
				CLANG_WARN__DUPLICATE_METHOD_MATCH = YES;
				CODE_SIGN_IDENTITY = "-";
				COPY_PHASE_STRIP = NO;
				DEBUG_INFORMATION_FORMAT = dwarf;
				ENABLE_STRICT_OBJC_MSGSEND = YES;
				ENABLE_TESTABILITY = YES;
				GCC_C_LANGUAGE_STANDARD = gnu11;
				GCC_DYNAMIC_NO_PIC = NO;
				GCC_NO_COMMON_BLOCKS = YES;
				GCC_OPTIMIZATION_LEVEL = 0;
				GCC_PREPROCESSOR_DEFINITIONS = (
					"DEBUG=1",
					"$(inherited)",
				);
				GCC_WARN_64_TO_32_BIT_CONVERSION = YES;
				GCC_WARN_ABOUT_RETURN_TYPE = YES_ERROR;
				GCC_WARN_UNDECLARED_SELECTOR = YES;
				GCC_WARN_UNINITIALIZED_AUTOS = YES_AGGRESSIVE;
				GCC_WARN_UNUSED_FUNCTION = YES;
				GCC_WARN_UNUSED_VARIABLE = YES;
				MACOSX_DEPLOYMENT_TARGET = 10.12;
				MTL_ENABLE_DEBUG_INFO = YES;
				ONLY_ACTIVE_ARCH = YES;
				SDKROOT = macosx;
			};
			name = Debug;
		};
		4C6E2AB120665038009CBB18 /* Release */ = {
			isa = XCBuildConfiguration;
			buildSettings = {
				ALWAYS_SEARCH_USER_PATHS = NO;
				CLANG_ANALYZER_NONNULL = YES;
				CLANG_ANALYZER_NUMBER_OBJECT_CONVERSION = YES_AGGRESSIVE;
				CLANG_CXX_LANGUAGE_STANDARD = "gnu++14";
				CLANG_CXX_LIBRARY = "libc++";
				CLANG_ENABLE_MODULES = YES;
				CLANG_ENABLE_OBJC_ARC = YES;
				CLANG_WARN_BLOCK_CAPTURE_AUTORELEASING = YES;
				CLANG_WARN_BOOL_CONVERSION = YES;
				CLANG_WARN_COMMA = YES;
				CLANG_WARN_CONSTANT_CONVERSION = YES;
				CLANG_WARN_DIRECT_OBJC_ISA_USAGE = YES_ERROR;
				CLANG_WARN_DOCUMENTATION_COMMENTS = YES;
				CLANG_WARN_EMPTY_BODY = YES;
				CLANG_WARN_ENUM_CONVERSION = YES;
				CLANG_WARN_INFINITE_RECURSION = YES;
				CLANG_WARN_INT_CONVERSION = YES;
				CLANG_WARN_NON_LITERAL_NULL_CONVERSION = YES;
				CLANG_WARN_OBJC_LITERAL_CONVERSION = YES;
				CLANG_WARN_OBJC_ROOT_CLASS = YES_ERROR;
				CLANG_WARN_RANGE_LOOP_ANALYSIS = YES;
				CLANG_WARN_STRICT_PROTOTYPES = YES;
				CLANG_WARN_SUSPICIOUS_MOVE = YES;
				CLANG_WARN_UNGUARDED_AVAILABILITY = YES_AGGRESSIVE;
				CLANG_WARN_UNREACHABLE_CODE = YES;
				CLANG_WARN__DUPLICATE_METHOD_MATCH = YES;
				CODE_SIGN_IDENTITY = "-";
				COPY_PHASE_STRIP = NO;
				DEBUG_INFORMATION_FORMAT = "dwarf-with-dsym";
				ENABLE_NS_ASSERTIONS = NO;
				ENABLE_STRICT_OBJC_MSGSEND = YES;
				GCC_C_LANGUAGE_STANDARD = gnu11;
				GCC_NO_COMMON_BLOCKS = YES;
				GCC_WARN_64_TO_32_BIT_CONVERSION = YES;
				GCC_WARN_ABOUT_RETURN_TYPE = YES_ERROR;
				GCC_WARN_UNDECLARED_SELECTOR = YES;
				GCC_WARN_UNINITIALIZED_AUTOS = YES_AGGRESSIVE;
				GCC_WARN_UNUSED_FUNCTION = YES;
				GCC_WARN_UNUSED_VARIABLE = YES;
				MACOSX_DEPLOYMENT_TARGET = 10.12;
				MTL_ENABLE_DEBUG_INFO = NO;
				SDKROOT = macosx;
			};
			name = Release;
		};
		4C6E2AB320665038009CBB18 /* Debug */ = {
			isa = XCBuildConfiguration;
			buildSettings = {
				CODE_SIGN_STYLE = Automatic;
				PRODUCT_NAME = "$(TARGET_NAME)";
			};
			name = Debug;
		};
		4C6E2AB420665038009CBB18 /* Release */ = {
			isa = XCBuildConfiguration;
			buildSettings = {
				CODE_SIGN_STYLE = Automatic;
				PRODUCT_NAME = "$(TARGET_NAME)";
			};
			name = Release;
		};
/* End XCBuildConfiguration section */

/* Begin XCConfigurationList section */
		4C6E2AA620665038009CBB18 /* Build configuration list for PBXProject "Protocol" */ = {
			isa = XCConfigurationList;
			buildConfigurations = (
				4C6E2AB020665038009CBB18 /* Debug */,
				4C6E2AB120665038009CBB18 /* Release */,
			);
			defaultConfigurationIsVisible = 0;
			defaultConfigurationName = Release;
		};
		4C6E2AB220665038009CBB18 /* Build configuration list for PBXNativeTarget "Protocol" */ = {
			isa = XCConfigurationList;
			buildConfigurations = (
				4C6E2AB320665038009CBB18 /* Debug */,
				4C6E2AB420665038009CBB18 /* Release */,
			);
			defaultConfigurationIsVisible = 0;
			defaultConfigurationName = Release;
		};
/* End XCConfigurationList section */
	};
	rootObject = 4C6E2AA320665038009CBB18 /* Project object */;
}
